
Microsoft Visual Studio Solution File, Format Version 12.00
# Visual Studio Version 17
VisualStudioVersion = 17.1.32421.90
MinimumVisualStudioVersion = 10.0.40219.1
Project("{FAE04EC0-301F-11D3-BF4B-00C04F79EFBC}") = "YuGiOhAPI", "YuGiOhAPI\YuGiOhAPI.csproj", "{698BFB8A-7266-4224-99A8-CB3AAC0C1EF5}"
EndProject
Global
	GlobalSection(SolutionConfigurationPlatforms) = preSolution
		Debug|Any CPU = Debug|Any CPU
		Release|Any CPU = Release|Any CPU
	EndGlobalSection
	GlobalSection(ProjectConfigurationPlatforms) = postSolution
		{698BFB8A-7266-4224-99A8-CB3AAC0C1EF5}.Debug|Any CPU.ActiveCfg = Debug|Any CPU
		{698BFB8A-7266-4224-99A8-CB3AAC0C1EF5}.Debug|Any CPU.Build.0 = Debug|Any CPU
		{698BFB8A-7266-4224-99A8-CB3AAC0C1EF5}.Release|Any CPU.ActiveCfg = Release|Any CPU
		{698BFB8A-7266-4224-99A8-CB3AAC0C1EF5}.Release|Any CPU.Build.0 = Release|Any CPU
	EndGlobalSection
	GlobalSection(SolutionProperties) = preSolution
		HideSolutionNode = FALSE
	EndGlobalSection
	GlobalSection(ExtensibilityGlobals) = postSolution
		SolutionGuid = {F4A125CB-CA72-462C-9767-50AEEDB8E00F}
	EndGlobalSection
EndGlobal
